
Microsoft Visual Studio Solution File, Format Version 12.00
# Visual Studio 15
VisualStudioVersion = 15.0.28307.1000
MinimumVisualStudioVersion = 10.0.40219.1
Project("{FAE04EC0-301F-11D3-BF4B-00C04F79EFBC}") = "Kutuphane", "Kutuphane\Kutuphane.csproj", "{81D57127-04B9-4773-AED9-3B888882727C}"
EndProject
Project("{FAE04EC0-301F-11D3-BF4B-00C04F79EFBC}") = "Entity", "Entity\Entity.csproj", "{DEAB7CB9-5730-4749-8456-FC8681CD1507}"
EndProject
Project("{FAE04EC0-301F-11D3-BF4B-00C04F79EFBC}") = "DAL", "DAL\DAL.csproj", "{04DC5D08-F3C5-451E-A6CB-94E7917DFA6E}"
EndProject
Project("{FAE04EC0-301F-11D3-BF4B-00C04F79EFBC}") = "Logiclayer", "Logiclayer\Logiclayer.csproj", "{71F11E7B-FA04-4716-9057-41C4354D7A28}"
EndProject
Global
	GlobalSection(SolutionConfigurationPlatforms) = preSolution
		Debug|Any CPU = Debug|Any CPU
		Release|Any CPU = Release|Any CPU
	EndGlobalSection
	GlobalSection(ProjectConfigurationPlatforms) = postSolution
		{81D57127-04B9-4773-AED9-3B888882727C}.Debug|Any CPU.ActiveCfg = Debug|Any CPU
		{81D57127-04B9-4773-AED9-3B888882727C}.Debug|Any CPU.Build.0 = Debug|Any CPU
		{81D57127-04B9-4773-AED9-3B888882727C}.Release|Any CPU.ActiveCfg = Release|Any CPU
		{81D57127-04B9-4773-AED9-3B888882727C}.Release|Any CPU.Build.0 = Release|Any CPU
		{DEAB7CB9-5730-4749-8456-FC8681CD1507}.Debug|Any CPU.ActiveCfg = Debug|Any CPU
		{DEAB7CB9-5730-4749-8456-FC8681CD1507}.Debug|Any CPU.Build.0 = Debug|Any CPU
		{DEAB7CB9-5730-4749-8456-FC8681CD1507}.Release|Any CPU.ActiveCfg = Release|Any CPU
		{DEAB7CB9-5730-4749-8456-FC8681CD1507}.Release|Any CPU.Build.0 = Release|Any CPU
		{04DC5D08-F3C5-451E-A6CB-94E7917DFA6E}.Debug|Any CPU.ActiveCfg = Debug|Any CPU
		{04DC5D08-F3C5-451E-A6CB-94E7917DFA6E}.Debug|Any CPU.Build.0 = Debug|Any CPU
		{04DC5D08-F3C5-451E-A6CB-94E7917DFA6E}.Release|Any CPU.ActiveCfg = Release|Any CPU
		{04DC5D08-F3C5-451E-A6CB-94E7917DFA6E}.Release|Any CPU.Build.0 = Release|Any CPU
		{71F11E7B-FA04-4716-9057-41C4354D7A28}.Debug|Any CPU.ActiveCfg = Debug|Any CPU
		{71F11E7B-FA04-4716-9057-41C4354D7A28}.Debug|Any CPU.Build.0 = Debug|Any CPU
		{71F11E7B-FA04-4716-9057-41C4354D7A28}.Release|Any CPU.ActiveCfg = Release|Any CPU
		{71F11E7B-FA04-4716-9057-41C4354D7A28}.Release|Any CPU.Build.0 = Release|Any CPU
	EndGlobalSection
	GlobalSection(SolutionProperties) = preSolution
		HideSolutionNode = FALSE
	EndGlobalSection
	GlobalSection(ExtensibilityGlobals) = postSolution
		SolutionGuid = {DE7D5021-BDF1-45FC-AD75-57758D23A36A}
	EndGlobalSection
EndGlobal
